
Microsoft Visual Studio Solution File, Format Version 12.00
# Visual Studio Version 17
VisualStudioVersion = 17.13.35806.99 d17.13
MinimumVisualStudioVersion = 10.0.40219.1
Project("{FAE04EC0-301F-11D3-BF4B-00C04F79EFBC}") = "REST_API_REPAIR_CAR", "REST_API_REPAIR_CAR\REST_API_REPAIR_CAR.csproj", "{D32AAC76-52F7-4AD5-9212-DB6186E630DB}"
EndProject
Global
	GlobalSection(SolutionConfigurationPlatforms) = preSolution
		Debug|Any CPU = Debug|Any CPU
		Release|Any CPU = Release|Any CPU
	EndGlobalSection
	GlobalSection(ProjectConfigurationPlatforms) = postSolution
		{D32AAC76-52F7-4AD5-9212-DB6186E630DB}.Debug|Any CPU.ActiveCfg = Debug|Any CPU
		{D32AAC76-52F7-4AD5-9212-DB6186E630DB}.Debug|Any CPU.Build.0 = Debug|Any CPU
		{D32AAC76-52F7-4AD5-9212-DB6186E630DB}.Release|Any CPU.ActiveCfg = Release|Any CPU
		{D32AAC76-52F7-4AD5-9212-DB6186E630DB}.Release|Any CPU.Build.0 = Release|Any CPU
	EndGlobalSection
	GlobalSection(SolutionProperties) = preSolution
		HideSolutionNode = FALSE
	EndGlobalSection
	GlobalSection(ExtensibilityGlobals) = postSolution
		SolutionGuid = {9FFC6548-FF71-45A0-88B1-99C9C9D8F345}
	EndGlobalSection
EndGlobal
